
Microsoft Visual Studio Solution File, Format Version 11.00
# Visual Studio 2010
# SharpDevelop 5.1
Project("{FAE04EC0-301F-11D3-BF4B-00C04F79EFBC}") = "Converter", "Converter.csproj", "{9A5903E2-2A6E-4AEF-9956-3BD50664F255}"
EndProject
Global
	GlobalSection(SolutionConfigurationPlatforms) = preSolution
		Debug|Any CPU = Debug|Any CPU
		Release|Any CPU = Release|Any CPU
	EndGlobalSection
	GlobalSection(ProjectConfigurationPlatforms) = postSolution
		{9A5903E2-2A6E-4AEF-9956-3BD50664F255}.Debug|Any CPU.ActiveCfg = Debug|Any CPU
		{9A5903E2-2A6E-4AEF-9956-3BD50664F255}.Debug|Any CPU.Build.0 = Debug|Any CPU
		{9A5903E2-2A6E-4AEF-9956-3BD50664F255}.Release|Any CPU.ActiveCfg = Release|Any CPU
		{9A5903E2-2A6E-4AEF-9956-3BD50664F255}.Release|Any CPU.Build.0 = Release|Any CPU
	EndGlobalSection
EndGlobal
